
Microsoft Visual Studio Solution File, Format Version 12.00
# Visual Studio 15
VisualStudioVersion = 15.0.27130.2003
MinimumVisualStudioVersion = 10.0.40219.1
Project("{8BC9CEB8-8B4A-11D0-8D11-00A0C91BC942}") = "calculator", "calculator\calculator.vcxproj.vcxproj", "{50C24FC3-8DD3-4BE0-8DCD-8006F645C8EB}"
EndProject
Project("{8BC9CEB8-8B4A-11D0-8D11-00A0C91BC942}") = "calculator_tests", "calculator_tests\calculator_tests.vcxproj", "{0A49EA80-5255-4505-8684-18B0A8A00796}"
EndProject
Project("{8BC9CEB8-8B4A-11D0-8D11-00A0C91BC942}") = "calculator_lib", "calculator_lib\calculator_lib.vcxproj", "{F4CF29C4-6424-4200-8FD4-3418897FA3E5}"
EndProject
Global
	GlobalSection(SolutionConfigurationPlatforms) = preSolution
		Debug|x64 = Debug|x64
		Debug|x86 = Debug|x86
		Release|x64 = Release|x64
		Release|x86 = Release|x86
	EndGlobalSection
	GlobalSection(ProjectConfigurationPlatforms) = postSolution
		{50C24FC3-8DD3-4BE0-8DCD-8006F645C8EB}.Debug|x64.ActiveCfg = Debug|x64
		{50C24FC3-8DD3-4BE0-8DCD-8006F645C8EB}.Debug|x64.Build.0 = Debug|x64
		{50C24FC3-8DD3-4BE0-8DCD-8006F645C8EB}.Debug|x86.ActiveCfg = Debug|Win32
		{50C24FC3-8DD3-4BE0-8DCD-8006F645C8EB}.Debug|x86.Build.0 = Debug|Win32
		{50C24FC3-8DD3-4BE0-8DCD-8006F645C8EB}.Release|x64.ActiveCfg = Release|x64
		{50C24FC3-8DD3-4BE0-8DCD-8006F645C8EB}.Release|x64.Build.0 = Release|x64
		{50C24FC3-8DD3-4BE0-8DCD-8006F645C8EB}.Release|x86.ActiveCfg = Release|Win32
		{50C24FC3-8DD3-4BE0-8DCD-8006F645C8EB}.Release|x86.Build.0 = Release|Win32
		{0A49EA80-5255-4505-8684-18B0A8A00796}.Debug|x64.ActiveCfg = Debug|x64
		{0A49EA80-5255-4505-8684-18B0A8A00796}.Debug|x64.Build.0 = Debug|x64
		{0A49EA80-5255-4505-8684-18B0A8A00796}.Debug|x86.ActiveCfg = Debug|Win32
		{0A49EA80-5255-4505-8684-18B0A8A00796}.Debug|x86.Build.0 = Debug|Win32
		{0A49EA80-5255-4505-8684-18B0A8A00796}.Release|x64.ActiveCfg = Release|x64
		{0A49EA80-5255-4505-8684-18B0A8A00796}.Release|x64.Build.0 = Release|x64
		{0A49EA80-5255-4505-8684-18B0A8A00796}.Release|x86.ActiveCfg = Release|Win32
		{0A49EA80-5255-4505-8684-18B0A8A00796}.Release|x86.Build.0 = Release|Win32
		{F4CF29C4-6424-4200-8FD4-3418897FA3E5}.Debug|x64.ActiveCfg = Debug|x64
		{F4CF29C4-6424-4200-8FD4-3418897FA3E5}.Debug|x64.Build.0 = Debug|x64
		{F4CF29C4-6424-4200-8FD4-3418897FA3E5}.Debug|x86.ActiveCfg = Debug|Win32
		{F4CF29C4-6424-4200-8FD4-3418897FA3E5}.Debug|x86.Build.0 = Debug|Win32
		{F4CF29C4-6424-4200-8FD4-3418897FA3E5}.Release|x64.ActiveCfg = Release|x64
		{F4CF29C4-6424-4200-8FD4-3418897FA3E5}.Release|x64.Build.0 = Release|x64
		{F4CF29C4-6424-4200-8FD4-3418897FA3E5}.Release|x86.ActiveCfg = Release|Win32
		{F4CF29C4-6424-4200-8FD4-3418897FA3E5}.Release|x86.Build.0 = Release|Win32
	EndGlobalSection
	GlobalSection(SolutionProperties) = preSolution
		HideSolutionNode = FALSE
	EndGlobalSection
	GlobalSection(ExtensibilityGlobals) = postSolution
		SolutionGuid = {E4F69E40-9A57-4644-BDF8-AD9603FCB94F}
	EndGlobalSection
EndGlobal
